
Microsoft Visual Studio Solution File, Format Version 12.00
# Visual Studio Version 17
VisualStudioVersion = 17.8.34330.188
MinimumVisualStudioVersion = 10.0.40219.1
Project("{FAE04EC0-301F-11D3-BF4B-00C04F79EFBC}") = "kararyapıları_ornek_c#", "kararyapıları_ornek_c#.csproj", "{8A62D4ED-4BC7-4EA1-90A2-1FD310BDC09E}"
EndProject
Global
	GlobalSection(SolutionConfigurationPlatforms) = preSolution
		Debug|Any CPU = Debug|Any CPU
		Release|Any CPU = Release|Any CPU
	EndGlobalSection
	GlobalSection(ProjectConfigurationPlatforms) = postSolution
		{8A62D4ED-4BC7-4EA1-90A2-1FD310BDC09E}.Debug|Any CPU.ActiveCfg = Debug|Any CPU
		{8A62D4ED-4BC7-4EA1-90A2-1FD310BDC09E}.Debug|Any CPU.Build.0 = Debug|Any CPU
		{8A62D4ED-4BC7-4EA1-90A2-1FD310BDC09E}.Release|Any CPU.ActiveCfg = Release|Any CPU
		{8A62D4ED-4BC7-4EA1-90A2-1FD310BDC09E}.Release|Any CPU.Build.0 = Release|Any CPU
	EndGlobalSection
	GlobalSection(SolutionProperties) = preSolution
		HideSolutionNode = FALSE
	EndGlobalSection
	GlobalSection(ExtensibilityGlobals) = postSolution
		SolutionGuid = {A904EFC7-4DF7-4C29-93C0-EE72E916F516}
	EndGlobalSection
EndGlobal
